
Microsoft Visual Studio Solution File, Format Version 12.00
# Visual Studio 14
VisualStudioVersion = 14.0.25420.1
MinimumVisualStudioVersion = 10.0.40219.1
Project("{2150E333-8FDC-42A3-9474-1A3956D46DE8}") = "src", "src", "{026E661B-954D-4014-B13C-058F39230BC3}"
EndProject
Project("{2150E333-8FDC-42A3-9474-1A3956D46DE8}") = "Solution Items", "Solution Items", "{C43316EB-4A86-4099-B413-65CA3101E88A}"
	ProjectSection(SolutionItems) = preProject
		global.json = global.json
	EndProjectSection
EndProject
Project("{8BB2217D-0F2D-49D1-97BC-3654ED321F3B}") = "WeatherMob", "src\WeatherMob\WeatherMob.xproj", "{D4E15085-B48D-495B-A2E8-BA15E16B29C0}"
EndProject
Global
	GlobalSection(SolutionConfigurationPlatforms) = preSolution
		Debug|Any CPU = Debug|Any CPU
		Release|Any CPU = Release|Any CPU
	EndGlobalSection
	GlobalSection(ProjectConfigurationPlatforms) = postSolution
		{D4E15085-B48D-495B-A2E8-BA15E16B29C0}.Debug|Any CPU.ActiveCfg = Debug|Any CPU
		{D4E15085-B48D-495B-A2E8-BA15E16B29C0}.Debug|Any CPU.Build.0 = Debug|Any CPU
		{D4E15085-B48D-495B-A2E8-BA15E16B29C0}.Release|Any CPU.ActiveCfg = Release|Any CPU
		{D4E15085-B48D-495B-A2E8-BA15E16B29C0}.Release|Any CPU.Build.0 = Release|Any CPU
	EndGlobalSection
	GlobalSection(SolutionProperties) = preSolution
		HideSolutionNode = FALSE
	EndGlobalSection
	GlobalSection(NestedProjects) = preSolution
		{D4E15085-B48D-495B-A2E8-BA15E16B29C0} = {026E661B-954D-4014-B13C-058F39230BC3}
	EndGlobalSection
EndGlobal
